
Microsoft Visual Studio Solution File, Format Version 12.00
# Visual Studio Version 16
VisualStudioVersion = 16.0.31702.278
MinimumVisualStudioVersion = 10.0.40219.1
Project("{FAE04EC0-301F-11D3-BF4B-00C04F79EFBC}") = "lab2_3", "lab2_3.csproj", "{89FD683D-E055-4587-A640-2A50371F5CA0}"
EndProject
Project("{FAE04EC0-301F-11D3-BF4B-00C04F79EFBC}") = "MySum.exe", "MySum.exe\MySum.exe.csproj", "{9EAF4AD8-B66B-4765-901B-59C213959D54}"
EndProject
Global
	GlobalSection(SolutionConfigurationPlatforms) = preSolution
		Debug|Any CPU = Debug|Any CPU
		Release|Any CPU = Release|Any CPU
	EndGlobalSection
	GlobalSection(ProjectConfigurationPlatforms) = postSolution
		{89FD683D-E055-4587-A640-2A50371F5CA0}.Debug|Any CPU.ActiveCfg = Debug|Any CPU
		{89FD683D-E055-4587-A640-2A50371F5CA0}.Debug|Any CPU.Build.0 = Debug|Any CPU
		{89FD683D-E055-4587-A640-2A50371F5CA0}.Release|Any CPU.ActiveCfg = Release|Any CPU
		{89FD683D-E055-4587-A640-2A50371F5CA0}.Release|Any CPU.Build.0 = Release|Any CPU
		{9EAF4AD8-B66B-4765-901B-59C213959D54}.Debug|Any CPU.ActiveCfg = Debug|Any CPU
		{9EAF4AD8-B66B-4765-901B-59C213959D54}.Debug|Any CPU.Build.0 = Debug|Any CPU
		{9EAF4AD8-B66B-4765-901B-59C213959D54}.Release|Any CPU.ActiveCfg = Release|Any CPU
		{9EAF4AD8-B66B-4765-901B-59C213959D54}.Release|Any CPU.Build.0 = Release|Any CPU
	EndGlobalSection
	GlobalSection(SolutionProperties) = preSolution
		HideSolutionNode = FALSE
	EndGlobalSection
	GlobalSection(ExtensibilityGlobals) = postSolution
		SolutionGuid = {CFBE69BE-3DB8-4F16-AA4C-218A2F4A1C0C}
	EndGlobalSection
EndGlobal
